
Microsoft Visual Studio Solution File, Format Version 12.00
# Visual Studio Version 17
VisualStudioVersion = 17.8.34525.116
MinimumVisualStudioVersion = 10.0.40219.1
Project("{2150E333-8FDC-42A3-9474-1A3956D46DE8}") = "Core", "Core", "{F911BA80-FD2A-4923-8A28-F3ED9DADA5E9}"
EndProject
Project("{2150E333-8FDC-42A3-9474-1A3956D46DE8}") = "Infrastructure", "Infrastructure", "{6BB0A3AF-228D-4258-8BA6-1FACD4185BAA}"
EndProject
Project("{2150E333-8FDC-42A3-9474-1A3956D46DE8}") = "Presentation", "Presentation", "{79ED5A10-CD8C-4CDF-AB93-8C3B44564F26}"
EndProject
Project("{9A19103F-16F7-4668-BE54-9A1E7A4F7556}") = "OnionAPI.Application", "Core\OnionAPI.Application\OnionAPI.Application.csproj", "{3517C386-D9F8-48F9-B637-0032087FAE37}"
EndProject
Project("{9A19103F-16F7-4668-BE54-9A1E7A4F7556}") = "OnionAPI.Domain", "Core\OnionAPI.Domain\OnionAPI.Domain.csproj", "{BAAD8845-C86F-48C8-9C78-F0B5C9C30163}"
EndProject
Project("{9A19103F-16F7-4668-BE54-9A1E7A4F7556}") = "OnionAPI.Infrastructure", "Infrastructure\OnionAPI.Infrastructure\OnionAPI.Infrastructure.csproj", "{81A4C6AB-00C0-4B55-8312-603BC167BEAC}"
EndProject
Project("{9A19103F-16F7-4668-BE54-9A1E7A4F7556}") = "OnionAPI.Persistence", "Infrastructure\OnionAPI.Persistence\OnionAPI.Persistence.csproj", "{3E803567-238C-437B-AEDA-853692E433A0}"
EndProject
Project("{9A19103F-16F7-4668-BE54-9A1E7A4F7556}") = "OnionAPI.API", "Presentation\OnionAPI.API\OnionAPI.API.csproj", "{97B9B653-0CB6-4A30-8B60-AE6EA590C891}"
EndProject
Global
	GlobalSection(SolutionConfigurationPlatforms) = preSolution
		Debug|Any CPU = Debug|Any CPU
		Release|Any CPU = Release|Any CPU
	EndGlobalSection
	GlobalSection(ProjectConfigurationPlatforms) = postSolution
		{3517C386-D9F8-48F9-B637-0032087FAE37}.Debug|Any CPU.ActiveCfg = Debug|Any CPU
		{3517C386-D9F8-48F9-B637-0032087FAE37}.Debug|Any CPU.Build.0 = Debug|Any CPU
		{3517C386-D9F8-48F9-B637-0032087FAE37}.Release|Any CPU.ActiveCfg = Release|Any CPU
		{3517C386-D9F8-48F9-B637-0032087FAE37}.Release|Any CPU.Build.0 = Release|Any CPU
		{BAAD8845-C86F-48C8-9C78-F0B5C9C30163}.Debug|Any CPU.ActiveCfg = Debug|Any CPU
		{BAAD8845-C86F-48C8-9C78-F0B5C9C30163}.Debug|Any CPU.Build.0 = Debug|Any CPU
		{BAAD8845-C86F-48C8-9C78-F0B5C9C30163}.Release|Any CPU.ActiveCfg = Release|Any CPU
		{BAAD8845-C86F-48C8-9C78-F0B5C9C30163}.Release|Any CPU.Build.0 = Release|Any CPU
		{81A4C6AB-00C0-4B55-8312-603BC167BEAC}.Debug|Any CPU.ActiveCfg = Debug|Any CPU
		{81A4C6AB-00C0-4B55-8312-603BC167BEAC}.Debug|Any CPU.Build.0 = Debug|Any CPU
		{81A4C6AB-00C0-4B55-8312-603BC167BEAC}.Release|Any CPU.ActiveCfg = Release|Any CPU
		{81A4C6AB-00C0-4B55-8312-603BC167BEAC}.Release|Any CPU.Build.0 = Release|Any CPU
		{3E803567-238C-437B-AEDA-853692E433A0}.Debug|Any CPU.ActiveCfg = Debug|Any CPU
		{3E803567-238C-437B-AEDA-853692E433A0}.Debug|Any CPU.Build.0 = Debug|Any CPU
		{3E803567-238C-437B-AEDA-853692E433A0}.Release|Any CPU.ActiveCfg = Release|Any CPU
		{3E803567-238C-437B-AEDA-853692E433A0}.Release|Any CPU.Build.0 = Release|Any CPU
		{97B9B653-0CB6-4A30-8B60-AE6EA590C891}.Debug|Any CPU.ActiveCfg = Debug|Any CPU
		{97B9B653-0CB6-4A30-8B60-AE6EA590C891}.Debug|Any CPU.Build.0 = Debug|Any CPU
		{97B9B653-0CB6-4A30-8B60-AE6EA590C891}.Release|Any CPU.ActiveCfg = Release|Any CPU
		{97B9B653-0CB6-4A30-8B60-AE6EA590C891}.Release|Any CPU.Build.0 = Release|Any CPU
	EndGlobalSection
	GlobalSection(SolutionProperties) = preSolution
		HideSolutionNode = FALSE
	EndGlobalSection
	GlobalSection(NestedProjects) = preSolution
		{3517C386-D9F8-48F9-B637-0032087FAE37} = {F911BA80-FD2A-4923-8A28-F3ED9DADA5E9}
		{BAAD8845-C86F-48C8-9C78-F0B5C9C30163} = {F911BA80-FD2A-4923-8A28-F3ED9DADA5E9}
		{81A4C6AB-00C0-4B55-8312-603BC167BEAC} = {6BB0A3AF-228D-4258-8BA6-1FACD4185BAA}
		{3E803567-238C-437B-AEDA-853692E433A0} = {6BB0A3AF-228D-4258-8BA6-1FACD4185BAA}
		{97B9B653-0CB6-4A30-8B60-AE6EA590C891} = {79ED5A10-CD8C-4CDF-AB93-8C3B44564F26}
	EndGlobalSection
	GlobalSection(ExtensibilityGlobals) = postSolution
		SolutionGuid = {4D79760C-F822-4E13-84BD-AF4CED327E09}
	EndGlobalSection
EndGlobal
